{
  "name": "packages",
  "version": "1.0.0",
  "lockfileVersion": 3,
  "requires": true,
  "packages": {
    "": {
      "name": "packages",
      "version": "1.0.0",
      "license": "ISC",
      "dependencies": {
        "calculator-addition": "^1.0.0",
        "calculator-cli": "^1.0.0",
        "calculator-division": "^1.0.0",
        "calculator-multiplication": "^1.0.0",
        "calculator-shared": "^1.0.0",
        "calculator-subtraction": "^1.0.0",
        "esbuild": "^0.28.1",
        "tsx": "^4.23.5",
        "typescript": "^5.9.3"
      },
      "devDependencies": {
        "@types/node": "^26.1.2"
      }
    },
    "addition": {
      "name": "calculator-addition",
      "version": "1.0.0",
      "dependencies": {
        "calculator-shared": "*"
      }
    },
    "cli": {
      "name": "calculator-cli",
      "version": "1.0.0",
      "dependencies": {
        "calculator-shared": "*"
      }
    },
    "division": {
      "name": "calculator-division",
      "version": "1.0.0",
      "dependencies": {
        "calculator-shared": "*"
      }
    },
    "multiplication": {
      "name": "calculator-multiplication",
      "version": "1.0.0",
      "dependencies": {
        "calculator-shared": "*"
      }
    },
    "node_modules/@esbuild/linux-x64": {
      "version": "0.28.1",
      "resolved": "https://registry.npmjs.org/@esbuild/linux-x64/-/linux-x64-0.28.1.tgz",
      "integrity": "sha512-u/anNYF2mmVOEDwLtnQ1wOr3EZ9sTNGLWrsYGYwHWzGA3Si84IOkHXlbWTD1NB+9/1lcnweYKO54uhxZydNzfA==",
      "cpu": [
        "x64"
      ],
      "license": "MIT",
      "optional": true,
      "os": [
        "linux"
      ],
      "engines": {
        "node": ">=18"
      }
    },
    "node_modules/@types/node": {
      "version": "26.1.2",
      "resolved": "https://registry.npmjs.org/@types/node/-/node-26.1.2.tgz",
      "integrity": "sha512-Vu4a5UFA9rIIFJ7rB/Vaafh9lrCQszopTCx6KjFboXTGQbPNasehVR5TEiithSDGyd1DEiUByggTZsg8jukeIg==",
      "dev": true,
      "license": "MIT",
      "dependencies": {
        "undici-types": "~8.3.0"
      }
    },
    "node_modules/calculator-addition": {
      "resolved": "addition",
      "link": true
    },
    "node_modules/calculator-cli": {
      "resolved": "cli",
      "link": true
    },
    "node_modules/calculator-division": {
      "resolved": "division",
      "link": true
    },
    "node_modules/calculator-multiplication": {
      "resolved": "multiplication",
      "link": true
    },
    "node_modules/calculator-shared": {
      "resolved": "shared",
      "link": true
    },
    "node_modules/calculator-subtraction": {
      "resolved": "subtraction",
      "link": true
    },
    "node_modules/esbuild": {
      "version": "0.28.1",
      "resolved": "https://registry.npmjs.org/esbuild/-/esbuild-0.28.1.tgz",
      "integrity": "sha512-HrJrvZv5ayxBzPfwphOoNzkzOIIlifzk0KJrGK2c8R4+LKpMtpYLQeUdjnwjWv/LZlkH2laZk+4w78pi99D4Vw==",
      "hasInstallScript": true,
      "license": "MIT",
      "bin": {
        "esbuild": "bin/esbuild"
      },
      "engines": {
        "node": ">=18"
      },
      "optionalDependencies": {
        "@esbuild/aix-ppc64": "0.28.1",
        "@esbuild/android-arm": "0.28.1",
        "@esbuild/android-arm64": "0.28.1",
        "@esbuild/android-x64": "0.28.1",
        "@esbuild/darwin-arm64": "0.28.1",
        "@esbuild/darwin-x64": "0.28.1",
        "@esbuild/freebsd-arm64": "0.28.1",
        "@esbuild/freebsd-x64": "0.28.1",
        "@esbuild/linux-arm": "0.28.1",
        "@esbuild/linux-arm64": "0.28.1",
        "@esbuild/linux-ia32": "0.28.1",
        "@esbuild/linux-loong64": "0.28.1",
        "@esbuild/linux-mips64el": "0.28.1",
        "@esbuild/linux-ppc64": "0.28.1",
        "@esbuild/linux-riscv64": "0.28.1",
        "@esbuild/linux-s390x": "0.28.1",
        "@esbuild/linux-x64": "0.28.1",
        "@esbuild/netbsd-arm64": "0.28.1",
        "@esbuild/netbsd-x64": "0.28.1",
        "@esbuild/openbsd-arm64": "0.28.1",
        "@esbuild/openbsd-x64": "0.28.1",
        "@esbuild/openharmony-arm64": "0.28.1",
        "@esbuild/sunos-x64": "0.28.1",
        "@esbuild/win32-arm64": "0.28.1",
        "@esbuild/win32-ia32": "0.28.1",
        "@esbuild/win32-x64": "0.28.1"
      }
    },
    "node_modules/tsx": {
      "version": "4.23.5",
      "resolved": "https://registry.npmjs.org/tsx/-/tsx-4.23.5.tgz",
      "integrity": "sha512-rw55FUaqOoI7RvlQwLbhO4nSDApnQ4/CykPuiQ/EPvtrX3WA9Ig55jIt9VvbBJbzJuj12ueRu4PMZ2SxPVbihg==",
      "license": "MIT",
      "dependencies": {
        "esbuild": "~0.28.0"
      },
      "bin": {
        "tsx": "dist/cli.mjs"
      },
      "engines": {
        "node": ">=18.0.0"
      },
      "optionalDependencies": {
        "fsevents": "~2.3.3"
      }
    },
    "node_modules/typescript": {
      "version": "5.9.3",
      "resolved": "https://registry.npmjs.org/typescript/-/typescript-5.9.3.tgz",
      "integrity": "sha512-jl1vZzPDinLr9eUt3J/t7V6FgNEw9QjvBPdysz9KfQDD41fQrC2Y4vKQdiaUpFT4bXlb1RHhLpp8wtm6M5TgSw==",
      "license": "Apache-2.0",
      "bin": {
        "tsc": "bin/tsc",
        "tsserver": "bin/tsserver"
      },
      "engines": {
        "node": ">=14.17"
      }
    },
    "node_modules/undici-types": {
      "version": "8.3.0",
      "resolved": "https://registry.npmjs.org/undici-types/-/undici-types-8.3.0.tgz",
      "integrity": "sha512-j375ScV60dom+YkPFIfTLcOiPxkN/buHz5GobjLhixFuANaNs3C9l4GmrWqejgXWJ7BbJcFYpTEUkS1Ge8bpZQ==",
      "dev": true,
      "license": "MIT"
    },
    "shared": {
      "name": "calculator-shared",
      "version": "1.0.0"
    },
    "subtraction": {
      "name": "calculator-subtraction",
      "version": "1.0.0",
      "dependencies": {
        "calculator-shared": "*"
      }
    }
  }
}
