# This file is automatically @generated by Cargo.
# It is not intended for manual editing.
version = 4

[[package]]
name = "calculator-addition"
version = "0.1.0"
dependencies = [
 "calculator-shared",
]

[[package]]
name = "calculator-cli"
version = "0.1.0"
dependencies = [
 "calculator-shared",
]

[[package]]
name = "calculator-division"
version = "0.1.0"
dependencies = [
 "calculator-shared",
]

[[package]]
name = "calculator-multiplication"
version = "0.1.0"
dependencies = [
 "calculator-shared",
]

[[package]]
name = "calculator-root"
version = "0.1.0"
dependencies = [
 "calculator-addition",
 "calculator-cli",
 "calculator-division",
 "calculator-multiplication",
 "calculator-shared",
 "calculator-subtraction",
]

[[package]]
name = "calculator-shared"
version = "0.1.0"

[[package]]
name = "calculator-subtraction"
version = "0.1.0"
dependencies = [
 "calculator-shared",
]
