# This file is automatically @generated by Cargo.
# It is not intended for manual editing.
version = 4

[[package]]
name = "aes-test-fulfillment"
version = "0.1.0"

[[package]]
name = "cli-commands"
version = "0.1.0"
dependencies = [
 "di-containers",
 "language-adapters",
 "layer-rules",
 "taxonomy",
]

[[package]]
name = "code-analysis"
version = "0.1.0"
dependencies = [
 "layer-rules",
 "taxonomy",
]

[[package]]
name = "di-containers"
version = "0.1.0"
dependencies = [
 "code-analysis",
]

[[package]]
name = "language-adapters"
version = "0.1.0"

[[package]]
name = "layer-rules"
version = "0.1.0"
dependencies = [
 "taxonomy",
]

[[package]]
name = "shared-common"
version = "0.1.0"
dependencies = [
 "di-containers",
 "taxonomy",
]

[[package]]
name = "taxonomy"
version = "0.1.0"

[[package]]
name = "test-project-rust"
version = "0.1.0"
dependencies = [
 "cli-commands",
 "code-analysis",
 "di-containers",
 "language-adapters",
 "layer-rules",
 "shared-common",
 "taxonomy",
]

[[package]]
name = "utility_orphan_test"
version = "0.1.0"
